
Microsoft Visual Studio Solution File, Format Version 12.00
# Visual Studio Version 16
VisualStudioVersion = 16.0.32413.511
MinimumVisualStudioVersion = 10.0.40219.1
Project("{FAE04EC0-301F-11D3-BF4B-00C04F79EFBC}") = "ShopifyApplication03", "ShopifyApplication03\ShopifyApplication03.csproj", "{41C40DF7-277E-4F53-A2BF-2D0E4EC51DBB}"
EndProject
Global
	GlobalSection(SolutionConfigurationPlatforms) = preSolution
		Debug|Any CPU = Debug|Any CPU
		Release|Any CPU = Release|Any CPU
	EndGlobalSection
	GlobalSection(ProjectConfigurationPlatforms) = postSolution
		{41C40DF7-277E-4F53-A2BF-2D0E4EC51DBB}.Debug|Any CPU.ActiveCfg = Debug|Any CPU
		{41C40DF7-277E-4F53-A2BF-2D0E4EC51DBB}.Debug|Any CPU.Build.0 = Debug|Any CPU
		{41C40DF7-277E-4F53-A2BF-2D0E4EC51DBB}.Release|Any CPU.ActiveCfg = Release|Any CPU
		{41C40DF7-277E-4F53-A2BF-2D0E4EC51DBB}.Release|Any CPU.Build.0 = Release|Any CPU
	EndGlobalSection
	GlobalSection(SolutionProperties) = preSolution
		HideSolutionNode = FALSE
	EndGlobalSection
	GlobalSection(ExtensibilityGlobals) = postSolution
		SolutionGuid = {C01328EF-AC67-45B8-A1AB-EC177643BE87}
	EndGlobalSection
EndGlobal
